
Microsoft Visual Studio Solution File, Format Version 12.00
# Visual Studio Version 16
VisualStudioVersion = 16.0.31702.278
MinimumVisualStudioVersion = 10.0.40219.1
Project("{FAE04EC0-301F-11D3-BF4B-00C04F79EFBC}") = "WpfApp9", "WpfApp9\WpfApp9.csproj", "{9D36AA1F-C80B-4950-A37A-E761A5F55804}"
EndProject
Global
	GlobalSection(SolutionConfigurationPlatforms) = preSolution
		Debug|Any CPU = Debug|Any CPU
		Release|Any CPU = Release|Any CPU
	EndGlobalSection
	GlobalSection(ProjectConfigurationPlatforms) = postSolution
		{9D36AA1F-C80B-4950-A37A-E761A5F55804}.Debug|Any CPU.ActiveCfg = Debug|Any CPU
		{9D36AA1F-C80B-4950-A37A-E761A5F55804}.Debug|Any CPU.Build.0 = Debug|Any CPU
		{9D36AA1F-C80B-4950-A37A-E761A5F55804}.Release|Any CPU.ActiveCfg = Release|Any CPU
		{9D36AA1F-C80B-4950-A37A-E761A5F55804}.Release|Any CPU.Build.0 = Release|Any CPU
	EndGlobalSection
	GlobalSection(SolutionProperties) = preSolution
		HideSolutionNode = FALSE
	EndGlobalSection
	GlobalSection(ExtensibilityGlobals) = postSolution
		SolutionGuid = {B9B99BDC-E60A-47F1-9F84-77C7077B88C0}
	EndGlobalSection
EndGlobal
